{
  "name": "classic-converter-app",
  "lockfileVersion": 3,
  "requires": true,
  "packages": {
    "": {
      "dependencies": {
        "@esri/arcgis-rest-auth": "^3.8.0"
      }
    },
    "node_modules/@esri/arcgis-rest-auth": {
      "version": "3.8.0",
      "resolved": "https://registry.npmjs.org/@esri/arcgis-rest-auth/-/arcgis-rest-auth-3.8.0.tgz",
      "integrity": "sha512-ErS+06Wd/TQ6n6qUEIn0rfhS+2mKqPIz4ugBixDgkJzUiS40JELZCWtRgSEu+mw8MvO3cPRZ4KnqS3CEwft1DA==",
      "license": "Apache-2.0",
      "dependencies": {
        "@esri/arcgis-rest-types": "^3.8.0",
        "tslib": "^1.13.0"
      },
      "peerDependencies": {
        "@esri/arcgis-rest-request": "^3.0.0"
      }
    },
    "node_modules/@esri/arcgis-rest-request": {
      "version": "3.8.0",
      "resolved": "https://registry.npmjs.org/@esri/arcgis-rest-request/-/arcgis-rest-request-3.8.0.tgz",
      "integrity": "sha512-cvDHt6z1r08MzkTboHQ1QZ6TIQLBa6QEWY9gMsszryny7RmI2ImCOfeFrDDeXZFJcNY/vbbngaez9iRYaWkRxA==",
      "license": "Apache-2.0",
      "peer": true,
      "dependencies": {
        "tslib": "^1.10.0"
      }
    },
    "node_modules/@esri/arcgis-rest-types": {
      "version": "3.8.0",
      "resolved": "https://registry.npmjs.org/@esri/arcgis-rest-types/-/arcgis-rest-types-3.8.0.tgz",
      "integrity": "sha512-Ve25Z7O+kSEf+JcQT+HKb2Pf97WpQar7iQQGJ8GZMgYHHUX0BKKOieGBhBiAgo1xNF5QsxOlsEwCJTDv2p4ePA==",
      "license": "Apache-2.0"
    },
    "node_modules/tslib": {
      "version": "1.14.1",
      "resolved": "https://registry.npmjs.org/tslib/-/tslib-1.14.1.tgz",
      "integrity": "sha512-Xni35NKzjgMrwevysHTCArtLDpPvye8zV/0E4EyYn43P7/7qvQwPh9BGkHewbMulVntbigmcT7rdX3BNo9wRJg==",
      "license": "0BSD"
    }
  }
}
